{
  "name": "laravel-template-jpz",
  "version": "1.0.2",
  "lockfileVersion": 3,
  "requires": true,
  "packages": {
    "": {
      "name": "laravel-template-jpz",
      "version": "1.0.2",
      "license": "MIT",
      "bin": {
        "laravel-template": "src/index.js",
        "laravel-template-jpz": "src/index.js"
      },
      "engines": {
        "node": ">=18.0.0"
      }
    }
  }
}
